
Microsoft Visual Studio Solution File, Format Version 12.00
# Visual Studio Version 17
VisualStudioVersion = 17.5.002.0
MinimumVisualStudioVersion = 10.0.40219.1
Project("{9A19103F-16F7-4668-BE54-9A1E7A4F7556}") = "Task001_Square_check", "Task001_Square_check\Task001_Square_check.csproj", "{1F44B790-338C-4544-930C-25A7D5754941}"
EndProject
Project("{9A19103F-16F7-4668-BE54-9A1E7A4F7556}") = "Task002_MinMax1", "Task002_MinMax1\Task002_MinMax1.csproj", "{91D09686-1C43-4D3B-9359-7BFE3250DF0C}"
EndProject
Project("{9A19103F-16F7-4668-BE54-9A1E7A4F7556}") = "Task003_Days_week", "Task003_Days_week\Task003_Days_week.csproj", "{9885B52F-FCD7-48A0-AA63-0B27B7EAB121}"
EndProject
Project("{9A19103F-16F7-4668-BE54-9A1E7A4F7556}") = "Task004_Max_of_three", "Task004_Max_of_three\Task004_Max_of_three.csproj", "{8A0BBCC4-77FC-4946-8EE5-91D6438901F9}"
EndProject
Project("{9A19103F-16F7-4668-BE54-9A1E7A4F7556}") = "Task004_Interval_N", "Task005_Interval_N\Task004_Interval_N.csproj", "{464BFB1B-A8C2-4C2B-8DC9-8820355D4D98}"
EndProject
Project("{9A19103F-16F7-4668-BE54-9A1E7A4F7556}") = "Task006_Even_number", "Task006_Even_number\Task006_Even_number.csproj", "{814A66FC-6F35-4330-B463-F14EA4A472D8}"
EndProject
Project("{9A19103F-16F7-4668-BE54-9A1E7A4F7556}") = "Task007_Last_number", "Task007_Last_number\Task007_Last_number.csproj", "{654EC7B0-76C8-47D5-B4D9-CAF0759CC301}"
EndProject
Project("{9A19103F-16F7-4668-BE54-9A1E7A4F7556}") = "Task008_Even_to_N", "Task008_Even_to_N\Task008_Even_to_N.csproj", "{BB42C926-2999-4BE4-B8E1-D501A6105510}"
EndProject
Project("{9A19103F-16F7-4668-BE54-9A1E7A4F7556}") = "Task009_Max_digit_number", "Task009_Max_digit_number\Task009_Max_digit_number.csproj", "{ACD68B47-88BF-4B18-9612-78324E7DAB7B}"
EndProject
Project("{9A19103F-16F7-4668-BE54-9A1E7A4F7556}") = "Task010_XYZ_Y", "Task010_XYZ_Y\Task010_XYZ_Y.csproj", "{3D9FEAC1-F730-46C4-8E7D-3C28D20BBD6A}"
EndProject
Project("{9A19103F-16F7-4668-BE54-9A1E7A4F7556}") = "Task011_XYZ_XZ", "Task011_XYZ_XZ\Task011_XYZ_XZ.csproj", "{5A56E9B7-7BFE-47B5-B16B-5F1118226B82}"
EndProject
Project("{9A19103F-16F7-4668-BE54-9A1E7A4F7556}") = "Task012_Multiple_XY", "Task012_Multiple_XY\Task012_Multiple_XY.csproj", "{D1B80414-7714-498A-841F-C80F60368CD0}"
EndProject
Project("{9A19103F-16F7-4668-BE54-9A1E7A4F7556}") = "Task013_Third_digit", "Task013_Third_digit\Task013_Third_digit.csproj", "{087EBADC-AD2A-4557-92CF-850E0E47BE4A}"
EndProject
Project("{9A19103F-16F7-4668-BE54-9A1E7A4F7556}") = "Task014_Multiple_7_23", "Task014_Multiple_7_23\Task014_Multiple_7_23.csproj", "{B8C8679D-2FBB-4400-9209-45C43C6B6D10}"
EndProject
Project("{9A19103F-16F7-4668-BE54-9A1E7A4F7556}") = "Task015_Week2", "Task015_Week2\Task015_Week2.csproj", "{99BC841E-45A1-473E-94F3-9D0AC53B1D8C}"
EndProject
Project("{9A19103F-16F7-4668-BE54-9A1E7A4F7556}") = "Task016_A_square_B", "Task016_A_square_B\Task016_A_square_B.csproj", "{6AE4F6B8-2E3D-4333-BE42-2551B68974BE}"
EndProject
Project("{9A19103F-16F7-4668-BE54-9A1E7A4F7556}") = "Task017_XY_N4", "Task017_XY_N4\Task017_XY_N4.csproj", "{2764A7A0-32AB-4FD4-B1B9-F18E3675C591}"
EndProject
Project("{9A19103F-16F7-4668-BE54-9A1E7A4F7556}") = "Task018_N4_XY", "Task018_N4_XY\Task018_N4_XY.csproj", "{132DD5AE-7083-4222-92F6-343BDCCAAF17}"
EndProject
Project("{9A19103F-16F7-4668-BE54-9A1E7A4F7556}") = "Task019_Polydrome_N5", "Task019_Polydrome_N5\Task019_Polydrome_N5.csproj", "{692ABA19-2DAD-415F-8F93-16627A639B57}"
EndProject
Project("{9A19103F-16F7-4668-BE54-9A1E7A4F7556}") = "Task021_Distance_AB_2D", "Task021_Distance_AB_2D\Task021_Distance_AB_2D.csproj", "{EA542212-D7E3-4964-B491-950C506E9FAB}"
EndProject
Project("{9A19103F-16F7-4668-BE54-9A1E7A4F7556}") = "Task021_Distance_AB_3D", "Task021_Distance_AB_3D\Task021_Distance_AB_3D.csproj", "{61EFEF65-9E23-4853-B622-05BDD7AFBA00}"
EndProject
Project("{9A19103F-16F7-4668-BE54-9A1E7A4F7556}") = "Task022_Square_from_1_to_N", "Task022_Square_from_1_to_N\Task022_Square_from_1_to_N.csproj", "{678B1D08-BD78-49EE-B245-81933FFB1B13}"
EndProject
Project("{9A19103F-16F7-4668-BE54-9A1E7A4F7556}") = "Task023_Kub_from_1_to_N", "Task023_Kub_from_1_to_N\Task023_Kub_from_1_to_N.csproj", "{23C2F090-A22D-4EDC-B6D6-9C962BFA86F1}"
EndProject
Project("{9A19103F-16F7-4668-BE54-9A1E7A4F7556}") = "Task024_Sum_1_A", "Task024_Sum_1_A\Task024_Sum_1_A.csproj", "{73C59C61-F6CE-45D4-882C-97B0A4E7F774}"
EndProject
Project("{9A19103F-16F7-4668-BE54-9A1E7A4F7556}") = "Task025_Degre_A_in_B", "Task025_Degre_A_in_B\Task025_Degre_A_in_B.csproj", "{8667ABD9-C035-423D-9E87-28F151167A1A}"
EndProject
Project("{9A19103F-16F7-4668-BE54-9A1E7A4F7556}") = "Task026_Digits_Number", "Task026_Digits_Number\Task026_Digits_Number.csproj", "{ADE80365-3F4F-42F6-B460-AF5BA0AC322A}"
EndProject
Project("{9A19103F-16F7-4668-BE54-9A1E7A4F7556}") = "Task027_Sum_digits_N", "Task027_Sum_digits_N\Task027_Sum_digits_N.csproj", "{93F0002B-5FD2-4CC1-B1E0-185ECA3A9C5C}"
EndProject
Project("{9A19103F-16F7-4668-BE54-9A1E7A4F7556}") = "Task028_Product_N", "Task028_Product_N\Task028_Product_N.csproj", "{41AF5423-4E8B-4478-A034-80F8EBC54B50}"
EndProject
Project("{9A19103F-16F7-4668-BE54-9A1E7A4F7556}") = "Task029_Arr_8", "Task029_Arr_8\Task029_Arr_8.csproj", "{E55DA04F-0524-4B20-8039-547199092B9E}"
EndProject
Project("{9A19103F-16F7-4668-BE54-9A1E7A4F7556}") = "Task030_Arr_8", "Task030_Arr_8\Task030_Arr_8.csproj", "{A6C6EC33-51EB-432E-9D3B-8DBA343AAEFC}"
EndProject
Project("{9A19103F-16F7-4668-BE54-9A1E7A4F7556}") = "Task032_Replace_01", "Task032_Replace_01\Task032_Replace_01.csproj", "{0F827440-5D43-45CD-9A48-92B966F780FD}"
EndProject
Project("{9A19103F-16F7-4668-BE54-9A1E7A4F7556}") = "Task033_Search_N_Array", "Task033_Search_N_Array\Task033_Search_N_Array.csproj", "{CA46B854-2D76-482B-9AEA-8C271D870026}"
EndProject
Project("{9A19103F-16F7-4668-BE54-9A1E7A4F7556}") = "Task034_Array_XXX_chet", "Task034_Array_XXX_chet\Task034_Array_XXX_chet.csproj", "{1EBB81F0-A47F-4EC0-BC35-712E2CA4C741}"
EndProject
Project("{9A19103F-16F7-4668-BE54-9A1E7A4F7556}") = "Task035_123_10_99", "Task035_123_10_99\Task035_123_10_99.csproj", "{94E6CC2C-31AC-4ADA-9886-3C51CE95A1A1}"
EndProject
Project("{9A19103F-16F7-4668-BE54-9A1E7A4F7556}") = "Task036_Sum_el_nechet", "Task036_Sum_el_nechet\Task036_Sum_el_nechet.csproj", "{3ADFDA06-3F73-46DA-AC56-08D52A7C1AB0}"
EndProject
Project("{9A19103F-16F7-4668-BE54-9A1E7A4F7556}") = "Task037_Product_Par_Array", "Task037_Product_Par_Array\Task037_Product_Par_Array.csproj", "{5D9F0D57-8DBB-4844-9E8E-AB852FE295E0}"
EndProject
Project("{9A19103F-16F7-4668-BE54-9A1E7A4F7556}") = "Task038_Difference_min_max_array", "Task038_Difference_min_max_array\Task038_Difference_min_max_array.csproj", "{54126CB1-7A33-4343-A126-AE89D1E477ED}"
EndProject
Project("{9A19103F-16F7-4668-BE54-9A1E7A4F7556}") = "Task039_ReversArray", "Task039_ReversArray\Task039_ReversArray.csproj", "{9D54DCC6-CA1A-4AB6-85D1-354099D4D311}"
EndProject
Project("{9A19103F-16F7-4668-BE54-9A1E7A4F7556}") = "Task040_Triangle_ABC", "Task040_Triangle_ABC\Task040_Triangle_ABC.csproj", "{431AED36-FB0C-4939-BEAC-05DAEFC654AF}"
EndProject
Project("{9A19103F-16F7-4668-BE54-9A1E7A4F7556}") = "Task045_M_above_zero", "Task041_M_above_zero\Task045_M_above_zero.csproj", "{14F93797-5F2A-4EE8-ACAB-048A8B012750}"
EndProject
Project("{9A19103F-16F7-4668-BE54-9A1E7A4F7556}") = "Task042_10_to_2", "Task042_10_to_2\Task042_10_to_2.csproj", "{7A5813CB-15F5-4847-9D9F-CC1620BBC89D}"
EndProject
Project("{9A19103F-16F7-4668-BE54-9A1E7A4F7556}") = "Task043_Intersection_point", "Task043_Intersection_point\Task043_Intersection_point.csproj", "{E8ED02EA-9653-47C4-A748-99676F42B17F}"
EndProject
Project("{9A19103F-16F7-4668-BE54-9A1E7A4F7556}") = "Task044_Fibonachi", "Task044_Fibonachi\Task044_Fibonachi.csproj", "{784F5E3A-822B-4F83-BCBE-19250907BFC7}"
EndProject
Project("{9A19103F-16F7-4668-BE54-9A1E7A4F7556}") = "Task045_CopyArray", "Task045_CopyArray\Task045_CopyArray.csproj", "{0139C883-9EE0-4E81-9299-4F19D6E4EFE7}"
EndProject
Project("{9A19103F-16F7-4668-BE54-9A1E7A4F7556}") = "Task046_ArrayMN", "Task046_ArrayMN\Task046_ArrayMN.csproj", "{A6ACD996-19FE-4594-84D4-E87DC2BBCDCF}"
EndProject
Project("{9A19103F-16F7-4668-BE54-9A1E7A4F7556}") = "Task047_ArrayNM_double", "Task047_ArrayNM_double\Task047_ArrayNM_double.csproj", "{E20D3DCB-ECE6-497B-9540-CD817F82089E}"
EndProject
Project("{9A19103F-16F7-4668-BE54-9A1E7A4F7556}") = "Task048_ArrayMN_i+j", "Task048_ArrayMN_i+j\Task048_ArrayMN_i+j.csproj", "{5DA85464-9132-4D69-8D75-010CA42012A1}"
EndProject
Project("{9A19103F-16F7-4668-BE54-9A1E7A4F7556}") = "Task049_Array_NM_nechet", "Task049_Array_NM_nechet\Task049_Array_NM_nechet.csproj", "{09A08132-82AE-46F8-9CC5-9DB9D2F0183A}"
EndProject
Project("{9A19103F-16F7-4668-BE54-9A1E7A4F7556}") = "Task050_SearchNM_in_array", "Task050_SearchNM_in_array\Task050_SearchNM_in_array.csproj", "{82860BA1-28D2-4F80-A4DB-3D89B32A5184}"
EndProject
Project("{9A19103F-16F7-4668-BE54-9A1E7A4F7556}") = "Task051_Array_sum_diagonal", "Task051_Array_sum_diagonal\Task051_Array_sum_diagonal.csproj", "{E95B0BA8-6767-4620-9ECB-FE525208A5B3}"
EndProject
Project("{9A19103F-16F7-4668-BE54-9A1E7A4F7556}") = "Task052_Array_average_R", "Task052_Array_average_R\Task052_Array_average_R.csproj", "{737F05EA-78F7-4C9B-95F0-6EF9E0717639}"
EndProject
Project("{9A19103F-16F7-4668-BE54-9A1E7A4F7556}") = "Task053_ReplaceStrings", "Task053_ReplaceStrings\Task053_ReplaceStrings.csproj", "{9EB75BD9-F376-4F5C-B90B-3F1D98E0B059}"
EndProject
Project("{9A19103F-16F7-4668-BE54-9A1E7A4F7556}") = "Task054_SortArrMinI", "Task054_SortArrMinI\Task054_SortArrMinI.csproj", "{64B5E2C6-E82E-4B20-B208-F33804A64117}"
EndProject
Project("{9A19103F-16F7-4668-BE54-9A1E7A4F7556}") = "Task055_TransporRow_Col", "Task055_TransporRow_Col\Task055_TransporRow_Col.csproj", "{465E2544-276C-4D03-B62C-C512EAFF7000}"
EndProject
Project("{9A19103F-16F7-4668-BE54-9A1E7A4F7556}") = "Task056_MinSumIArr", "Task056_MinSumIArr\Task056_MinSumIArr.csproj", "{85ED0205-5C67-4433-82B2-F85D24A14CD6}"
EndProject
Project("{9A19103F-16F7-4668-BE54-9A1E7A4F7556}") = "Task057_FreqDict", "Task057_FreqDict\Task057_FreqDict.csproj", "{13CA0B17-2C0A-495F-97BA-2424EC15B55E}"
EndProject
Project("{9A19103F-16F7-4668-BE54-9A1E7A4F7556}") = "Task058_ProductOfTwoMatrix", "Task058_ProductOfTwoMatrix\Task058_ProductOfTwoMatrix.csproj", "{A26E279B-00FB-4D52-9228-4C6D72A75154}"
EndProject
Project("{9A19103F-16F7-4668-BE54-9A1E7A4F7556}") = "Task060_3DArray", "Task060_3DArray\Task060_3DArray.csproj", "{BEB4BAEE-9CAE-4921-8EAE-7C1DA4C9B9F5}"
EndProject
Project("{9A19103F-16F7-4668-BE54-9A1E7A4F7556}") = "Task062_Spiral4x4", "Task062_Spiral4x4\Task062_Spiral4x4.csproj", "{359E9917-BC90-4650-9B55-E7A6F8A9073D}"
EndProject
Project("{9A19103F-16F7-4668-BE54-9A1E7A4F7556}") = "Task063_Rec_Interval_N", "Task063_Rec_Interval_N\Task063_Rec_Interval_N.csproj", "{FDEC5340-9729-44AF-A4C2-58E2BE8D739C}"
EndProject
Project("{9A19103F-16F7-4668-BE54-9A1E7A4F7556}") = "Task064_Rec_N_to_1", "Task064_Rec_N_to_1\Task064_Rec_N_to_1.csproj", "{4C84B63B-C706-4AF8-A2BD-9D2565A7F606}"
EndProject
Project("{9A19103F-16F7-4668-BE54-9A1E7A4F7556}") = "Task065_Rec_Interval_NM", "Task065_Rec_Interval_NM\Task065_Rec_Interval_NM.csproj", "{2FACFEC2-D264-46D1-9509-17F548BED661}"
EndProject
Project("{9A19103F-16F7-4668-BE54-9A1E7A4F7556}") = "Task066_Rec_SumM_to_N", "Task066_Rec_SumM_to_N\Task066_Rec_SumM_to_N.csproj", "{EA5E1CAF-9B4D-4113-8FA2-1AE563D7E3CB}"
EndProject
Project("{9A19103F-16F7-4668-BE54-9A1E7A4F7556}") = "Task067_Rec_sum_digit", "Task067_Rec_sum_digit\Task067_Rec_sum_digit.csproj", "{A6F6D2DE-9AD9-4D6E-B5D7-474614574CDA}"
EndProject
Project("{9A19103F-16F7-4668-BE54-9A1E7A4F7556}") = "Task068_Rec_Akkerman", "Task068_Rec_Akkerman\Task068_Rec_Akkerman.csproj", "{0AD6E6EA-21C6-41CE-B43C-B441F89F1CDC}"
EndProject
Project("{9A19103F-16F7-4668-BE54-9A1E7A4F7556}") = "Task069_Rec_A_degree_B", "Task069_Rec_A_degree_B\Task069_Rec_A_degree_B.csproj", "{1EEAED7E-65C4-47D4-A23D-056AC4E0C38A}"
EndProject
Global
	GlobalSection(SolutionConfigurationPlatforms) = preSolution
		Debug|Any CPU = Debug|Any CPU
		Release|Any CPU = Release|Any CPU
	EndGlobalSection
	GlobalSection(ProjectConfigurationPlatforms) = postSolution
		{1F44B790-338C-4544-930C-25A7D5754941}.Debug|Any CPU.ActiveCfg = Debug|Any CPU
		{1F44B790-338C-4544-930C-25A7D5754941}.Debug|Any CPU.Build.0 = Debug|Any CPU
		{1F44B790-338C-4544-930C-25A7D5754941}.Release|Any CPU.ActiveCfg = Release|Any CPU
		{1F44B790-338C-4544-930C-25A7D5754941}.Release|Any CPU.Build.0 = Release|Any CPU
		{91D09686-1C43-4D3B-9359-7BFE3250DF0C}.Debug|Any CPU.ActiveCfg = Debug|Any CPU
		{91D09686-1C43-4D3B-9359-7BFE3250DF0C}.Debug|Any CPU.Build.0 = Debug|Any CPU
		{91D09686-1C43-4D3B-9359-7BFE3250DF0C}.Release|Any CPU.ActiveCfg = Release|Any CPU
		{91D09686-1C43-4D3B-9359-7BFE3250DF0C}.Release|Any CPU.Build.0 = Release|Any CPU
		{9885B52F-FCD7-48A0-AA63-0B27B7EAB121}.Debug|Any CPU.ActiveCfg = Debug|Any CPU
		{9885B52F-FCD7-48A0-AA63-0B27B7EAB121}.Debug|Any CPU.Build.0 = Debug|Any CPU
		{9885B52F-FCD7-48A0-AA63-0B27B7EAB121}.Release|Any CPU.ActiveCfg = Release|Any CPU
		{9885B52F-FCD7-48A0-AA63-0B27B7EAB121}.Release|Any CPU.Build.0 = Release|Any CPU
		{8A0BBCC4-77FC-4946-8EE5-91D6438901F9}.Debug|Any CPU.ActiveCfg = Debug|Any CPU
		{8A0BBCC4-77FC-4946-8EE5-91D6438901F9}.Debug|Any CPU.Build.0 = Debug|Any CPU
		{8A0BBCC4-77FC-4946-8EE5-91D6438901F9}.Release|Any CPU.ActiveCfg = Release|Any CPU
		{8A0BBCC4-77FC-4946-8EE5-91D6438901F9}.Release|Any CPU.Build.0 = Release|Any CPU
		{464BFB1B-A8C2-4C2B-8DC9-8820355D4D98}.Debug|Any CPU.ActiveCfg = Debug|Any CPU
		{464BFB1B-A8C2-4C2B-8DC9-8820355D4D98}.Debug|Any CPU.Build.0 = Debug|Any CPU
		{464BFB1B-A8C2-4C2B-8DC9-8820355D4D98}.Release|Any CPU.ActiveCfg = Release|Any CPU
		{464BFB1B-A8C2-4C2B-8DC9-8820355D4D98}.Release|Any CPU.Build.0 = Release|Any CPU
		{814A66FC-6F35-4330-B463-F14EA4A472D8}.Debug|Any CPU.ActiveCfg = Debug|Any CPU
		{814A66FC-6F35-4330-B463-F14EA4A472D8}.Debug|Any CPU.Build.0 = Debug|Any CPU
		{814A66FC-6F35-4330-B463-F14EA4A472D8}.Release|Any CPU.ActiveCfg = Release|Any CPU
		{814A66FC-6F35-4330-B463-F14EA4A472D8}.Release|Any CPU.Build.0 = Release|Any CPU
		{654EC7B0-76C8-47D5-B4D9-CAF0759CC301}.Debug|Any CPU.ActiveCfg = Debug|Any CPU
		{654EC7B0-76C8-47D5-B4D9-CAF0759CC301}.Debug|Any CPU.Build.0 = Debug|Any CPU
		{654EC7B0-76C8-47D5-B4D9-CAF0759CC301}.Release|Any CPU.ActiveCfg = Release|Any CPU
		{654EC7B0-76C8-47D5-B4D9-CAF0759CC301}.Release|Any CPU.Build.0 = Release|Any CPU
		{BB42C926-2999-4BE4-B8E1-D501A6105510}.Debug|Any CPU.ActiveCfg = Debug|Any CPU
		{BB42C926-2999-4BE4-B8E1-D501A6105510}.Debug|Any CPU.Build.0 = Debug|Any CPU
		{BB42C926-2999-4BE4-B8E1-D501A6105510}.Release|Any CPU.ActiveCfg = Release|Any CPU
		{BB42C926-2999-4BE4-B8E1-D501A6105510}.Release|Any CPU.Build.0 = Release|Any CPU
		{ACD68B47-88BF-4B18-9612-78324E7DAB7B}.Debug|Any CPU.ActiveCfg = Debug|Any CPU
		{ACD68B47-88BF-4B18-9612-78324E7DAB7B}.Debug|Any CPU.Build.0 = Debug|Any CPU
		{ACD68B47-88BF-4B18-9612-78324E7DAB7B}.Release|Any CPU.ActiveCfg = Release|Any CPU
		{ACD68B47-88BF-4B18-9612-78324E7DAB7B}.Release|Any CPU.Build.0 = Release|Any CPU
		{3D9FEAC1-F730-46C4-8E7D-3C28D20BBD6A}.Debug|Any CPU.ActiveCfg = Debug|Any CPU
		{3D9FEAC1-F730-46C4-8E7D-3C28D20BBD6A}.Debug|Any CPU.Build.0 = Debug|Any CPU
		{3D9FEAC1-F730-46C4-8E7D-3C28D20BBD6A}.Release|Any CPU.ActiveCfg = Release|Any CPU
		{3D9FEAC1-F730-46C4-8E7D-3C28D20BBD6A}.Release|Any CPU.Build.0 = Release|Any CPU
		{5A56E9B7-7BFE-47B5-B16B-5F1118226B82}.Debug|Any CPU.ActiveCfg = Debug|Any CPU
		{5A56E9B7-7BFE-47B5-B16B-5F1118226B82}.Debug|Any CPU.Build.0 = Debug|Any CPU
		{5A56E9B7-7BFE-47B5-B16B-5F1118226B82}.Release|Any CPU.ActiveCfg = Release|Any CPU
		{5A56E9B7-7BFE-47B5-B16B-5F1118226B82}.Release|Any CPU.Build.0 = Release|Any CPU
		{D1B80414-7714-498A-841F-C80F60368CD0}.Debug|Any CPU.ActiveCfg = Debug|Any CPU
		{D1B80414-7714-498A-841F-C80F60368CD0}.Debug|Any CPU.Build.0 = Debug|Any CPU
		{D1B80414-7714-498A-841F-C80F60368CD0}.Release|Any CPU.ActiveCfg = Release|Any CPU
		{D1B80414-7714-498A-841F-C80F60368CD0}.Release|Any CPU.Build.0 = Release|Any CPU
		{087EBADC-AD2A-4557-92CF-850E0E47BE4A}.Debug|Any CPU.ActiveCfg = Debug|Any CPU
		{087EBADC-AD2A-4557-92CF-850E0E47BE4A}.Debug|Any CPU.Build.0 = Debug|Any CPU
		{087EBADC-AD2A-4557-92CF-850E0E47BE4A}.Release|Any CPU.ActiveCfg = Release|Any CPU
		{087EBADC-AD2A-4557-92CF-850E0E47BE4A}.Release|Any CPU.Build.0 = Release|Any CPU
		{B8C8679D-2FBB-4400-9209-45C43C6B6D10}.Debug|Any CPU.ActiveCfg = Debug|Any CPU
		{B8C8679D-2FBB-4400-9209-45C43C6B6D10}.Debug|Any CPU.Build.0 = Debug|Any CPU
		{B8C8679D-2FBB-4400-9209-45C43C6B6D10}.Release|Any CPU.ActiveCfg = Release|Any CPU
		{B8C8679D-2FBB-4400-9209-45C43C6B6D10}.Release|Any CPU.Build.0 = Release|Any CPU
		{99BC841E-45A1-473E-94F3-9D0AC53B1D8C}.Debug|Any CPU.ActiveCfg = Debug|Any CPU
		{99BC841E-45A1-473E-94F3-9D0AC53B1D8C}.Debug|Any CPU.Build.0 = Debug|Any CPU
		{99BC841E-45A1-473E-94F3-9D0AC53B1D8C}.Release|Any CPU.ActiveCfg = Release|Any CPU
		{99BC841E-45A1-473E-94F3-9D0AC53B1D8C}.Release|Any CPU.Build.0 = Release|Any CPU
		{6AE4F6B8-2E3D-4333-BE42-2551B68974BE}.Debug|Any CPU.ActiveCfg = Debug|Any CPU
		{6AE4F6B8-2E3D-4333-BE42-2551B68974BE}.Debug|Any CPU.Build.0 = Debug|Any CPU
		{6AE4F6B8-2E3D-4333-BE42-2551B68974BE}.Release|Any CPU.ActiveCfg = Release|Any CPU
		{6AE4F6B8-2E3D-4333-BE42-2551B68974BE}.Release|Any CPU.Build.0 = Release|Any CPU
		{2764A7A0-32AB-4FD4-B1B9-F18E3675C591}.Debug|Any CPU.ActiveCfg = Debug|Any CPU
		{2764A7A0-32AB-4FD4-B1B9-F18E3675C591}.Debug|Any CPU.Build.0 = Debug|Any CPU
		{2764A7A0-32AB-4FD4-B1B9-F18E3675C591}.Release|Any CPU.ActiveCfg = Release|Any CPU
		{2764A7A0-32AB-4FD4-B1B9-F18E3675C591}.Release|Any CPU.Build.0 = Release|Any CPU
		{132DD5AE-7083-4222-92F6-343BDCCAAF17}.Debug|Any CPU.ActiveCfg = Debug|Any CPU
		{132DD5AE-7083-4222-92F6-343BDCCAAF17}.Debug|Any CPU.Build.0 = Debug|Any CPU
		{132DD5AE-7083-4222-92F6-343BDCCAAF17}.Release|Any CPU.ActiveCfg = Release|Any CPU
		{132DD5AE-7083-4222-92F6-343BDCCAAF17}.Release|Any CPU.Build.0 = Release|Any CPU
		{692ABA19-2DAD-415F-8F93-16627A639B57}.Debug|Any CPU.ActiveCfg = Debug|Any CPU
		{692ABA19-2DAD-415F-8F93-16627A639B57}.Debug|Any CPU.Build.0 = Debug|Any CPU
		{692ABA19-2DAD-415F-8F93-16627A639B57}.Release|Any CPU.ActiveCfg = Release|Any CPU
		{692ABA19-2DAD-415F-8F93-16627A639B57}.Release|Any CPU.Build.0 = Release|Any CPU
		{EA542212-D7E3-4964-B491-950C506E9FAB}.Debug|Any CPU.ActiveCfg = Debug|Any CPU
		{EA542212-D7E3-4964-B491-950C506E9FAB}.Debug|Any CPU.Build.0 = Debug|Any CPU
		{EA542212-D7E3-4964-B491-950C506E9FAB}.Release|Any CPU.ActiveCfg = Release|Any CPU
		{EA542212-D7E3-4964-B491-950C506E9FAB}.Release|Any CPU.Build.0 = Release|Any CPU
		{61EFEF65-9E23-4853-B622-05BDD7AFBA00}.Debug|Any CPU.ActiveCfg = Debug|Any CPU
		{61EFEF65-9E23-4853-B622-05BDD7AFBA00}.Debug|Any CPU.Build.0 = Debug|Any CPU
		{61EFEF65-9E23-4853-B622-05BDD7AFBA00}.Release|Any CPU.ActiveCfg = Release|Any CPU
		{61EFEF65-9E23-4853-B622-05BDD7AFBA00}.Release|Any CPU.Build.0 = Release|Any CPU
		{678B1D08-BD78-49EE-B245-81933FFB1B13}.Debug|Any CPU.ActiveCfg = Debug|Any CPU
		{678B1D08-BD78-49EE-B245-81933FFB1B13}.Debug|Any CPU.Build.0 = Debug|Any CPU
		{678B1D08-BD78-49EE-B245-81933FFB1B13}.Release|Any CPU.ActiveCfg = Release|Any CPU
		{678B1D08-BD78-49EE-B245-81933FFB1B13}.Release|Any CPU.Build.0 = Release|Any CPU
		{23C2F090-A22D-4EDC-B6D6-9C962BFA86F1}.Debug|Any CPU.ActiveCfg = Debug|Any CPU
		{23C2F090-A22D-4EDC-B6D6-9C962BFA86F1}.Debug|Any CPU.Build.0 = Debug|Any CPU
		{23C2F090-A22D-4EDC-B6D6-9C962BFA86F1}.Release|Any CPU.ActiveCfg = Release|Any CPU
		{23C2F090-A22D-4EDC-B6D6-9C962BFA86F1}.Release|Any CPU.Build.0 = Release|Any CPU
		{73C59C61-F6CE-45D4-882C-97B0A4E7F774}.Debug|Any CPU.ActiveCfg = Debug|Any CPU
		{73C59C61-F6CE-45D4-882C-97B0A4E7F774}.Debug|Any CPU.Build.0 = Debug|Any CPU
		{73C59C61-F6CE-45D4-882C-97B0A4E7F774}.Release|Any CPU.ActiveCfg = Release|Any CPU
		{73C59C61-F6CE-45D4-882C-97B0A4E7F774}.Release|Any CPU.Build.0 = Release|Any CPU
		{8667ABD9-C035-423D-9E87-28F151167A1A}.Debug|Any CPU.ActiveCfg = Debug|Any CPU
		{8667ABD9-C035-423D-9E87-28F151167A1A}.Debug|Any CPU.Build.0 = Debug|Any CPU
		{8667ABD9-C035-423D-9E87-28F151167A1A}.Release|Any CPU.ActiveCfg = Release|Any CPU
		{8667ABD9-C035-423D-9E87-28F151167A1A}.Release|Any CPU.Build.0 = Release|Any CPU
		{ADE80365-3F4F-42F6-B460-AF5BA0AC322A}.Debug|Any CPU.ActiveCfg = Debug|Any CPU
		{ADE80365-3F4F-42F6-B460-AF5BA0AC322A}.Debug|Any CPU.Build.0 = Debug|Any CPU
		{ADE80365-3F4F-42F6-B460-AF5BA0AC322A}.Release|Any CPU.ActiveCfg = Release|Any CPU
		{ADE80365-3F4F-42F6-B460-AF5BA0AC322A}.Release|Any CPU.Build.0 = Release|Any CPU
		{93F0002B-5FD2-4CC1-B1E0-185ECA3A9C5C}.Debug|Any CPU.ActiveCfg = Debug|Any CPU
		{93F0002B-5FD2-4CC1-B1E0-185ECA3A9C5C}.Debug|Any CPU.Build.0 = Debug|Any CPU
		{93F0002B-5FD2-4CC1-B1E0-185ECA3A9C5C}.Release|Any CPU.ActiveCfg = Release|Any CPU
		{93F0002B-5FD2-4CC1-B1E0-185ECA3A9C5C}.Release|Any CPU.Build.0 = Release|Any CPU
		{41AF5423-4E8B-4478-A034-80F8EBC54B50}.Debug|Any CPU.ActiveCfg = Debug|Any CPU
		{41AF5423-4E8B-4478-A034-80F8EBC54B50}.Debug|Any CPU.Build.0 = Debug|Any CPU
		{41AF5423-4E8B-4478-A034-80F8EBC54B50}.Release|Any CPU.ActiveCfg = Release|Any CPU
		{41AF5423-4E8B-4478-A034-80F8EBC54B50}.Release|Any CPU.Build.0 = Release|Any CPU
		{E55DA04F-0524-4B20-8039-547199092B9E}.Debug|Any CPU.ActiveCfg = Debug|Any CPU
		{E55DA04F-0524-4B20-8039-547199092B9E}.Debug|Any CPU.Build.0 = Debug|Any CPU
		{E55DA04F-0524-4B20-8039-547199092B9E}.Release|Any CPU.ActiveCfg = Release|Any CPU
		{E55DA04F-0524-4B20-8039-547199092B9E}.Release|Any CPU.Build.0 = Release|Any CPU
		{A6C6EC33-51EB-432E-9D3B-8DBA343AAEFC}.Debug|Any CPU.ActiveCfg = Debug|Any CPU
		{A6C6EC33-51EB-432E-9D3B-8DBA343AAEFC}.Debug|Any CPU.Build.0 = Debug|Any CPU
		{A6C6EC33-51EB-432E-9D3B-8DBA343AAEFC}.Release|Any CPU.ActiveCfg = Release|Any CPU
		{A6C6EC33-51EB-432E-9D3B-8DBA343AAEFC}.Release|Any CPU.Build.0 = Release|Any CPU
		{0F827440-5D43-45CD-9A48-92B966F780FD}.Debug|Any CPU.ActiveCfg = Debug|Any CPU
		{0F827440-5D43-45CD-9A48-92B966F780FD}.Debug|Any CPU.Build.0 = Debug|Any CPU
		{0F827440-5D43-45CD-9A48-92B966F780FD}.Release|Any CPU.ActiveCfg = Release|Any CPU
		{0F827440-5D43-45CD-9A48-92B966F780FD}.Release|Any CPU.Build.0 = Release|Any CPU
		{CA46B854-2D76-482B-9AEA-8C271D870026}.Debug|Any CPU.ActiveCfg = Debug|Any CPU
		{CA46B854-2D76-482B-9AEA-8C271D870026}.Debug|Any CPU.Build.0 = Debug|Any CPU
		{CA46B854-2D76-482B-9AEA-8C271D870026}.Release|Any CPU.ActiveCfg = Release|Any CPU
		{CA46B854-2D76-482B-9AEA-8C271D870026}.Release|Any CPU.Build.0 = Release|Any CPU
		{1EBB81F0-A47F-4EC0-BC35-712E2CA4C741}.Debug|Any CPU.ActiveCfg = Debug|Any CPU
		{1EBB81F0-A47F-4EC0-BC35-712E2CA4C741}.Debug|Any CPU.Build.0 = Debug|Any CPU
		{1EBB81F0-A47F-4EC0-BC35-712E2CA4C741}.Release|Any CPU.ActiveCfg = Release|Any CPU
		{1EBB81F0-A47F-4EC0-BC35-712E2CA4C741}.Release|Any CPU.Build.0 = Release|Any CPU
		{94E6CC2C-31AC-4ADA-9886-3C51CE95A1A1}.Debug|Any CPU.ActiveCfg = Debug|Any CPU
		{94E6CC2C-31AC-4ADA-9886-3C51CE95A1A1}.Debug|Any CPU.Build.0 = Debug|Any CPU
		{94E6CC2C-31AC-4ADA-9886-3C51CE95A1A1}.Release|Any CPU.ActiveCfg = Release|Any CPU
		{94E6CC2C-31AC-4ADA-9886-3C51CE95A1A1}.Release|Any CPU.Build.0 = Release|Any CPU
		{3ADFDA06-3F73-46DA-AC56-08D52A7C1AB0}.Debug|Any CPU.ActiveCfg = Debug|Any CPU
		{3ADFDA06-3F73-46DA-AC56-08D52A7C1AB0}.Debug|Any CPU.Build.0 = Debug|Any CPU
		{3ADFDA06-3F73-46DA-AC56-08D52A7C1AB0}.Release|Any CPU.ActiveCfg = Release|Any CPU
		{3ADFDA06-3F73-46DA-AC56-08D52A7C1AB0}.Release|Any CPU.Build.0 = Release|Any CPU
		{5D9F0D57-8DBB-4844-9E8E-AB852FE295E0}.Debug|Any CPU.ActiveCfg = Debug|Any CPU
		{5D9F0D57-8DBB-4844-9E8E-AB852FE295E0}.Debug|Any CPU.Build.0 = Debug|Any CPU
		{5D9F0D57-8DBB-4844-9E8E-AB852FE295E0}.Release|Any CPU.ActiveCfg = Release|Any CPU
		{5D9F0D57-8DBB-4844-9E8E-AB852FE295E0}.Release|Any CPU.Build.0 = Release|Any CPU
		{54126CB1-7A33-4343-A126-AE89D1E477ED}.Debug|Any CPU.ActiveCfg = Debug|Any CPU
		{54126CB1-7A33-4343-A126-AE89D1E477ED}.Debug|Any CPU.Build.0 = Debug|Any CPU
		{54126CB1-7A33-4343-A126-AE89D1E477ED}.Release|Any CPU.ActiveCfg = Release|Any CPU
		{54126CB1-7A33-4343-A126-AE89D1E477ED}.Release|Any CPU.Build.0 = Release|Any CPU
		{9D54DCC6-CA1A-4AB6-85D1-354099D4D311}.Debug|Any CPU.ActiveCfg = Debug|Any CPU
		{9D54DCC6-CA1A-4AB6-85D1-354099D4D311}.Debug|Any CPU.Build.0 = Debug|Any CPU
		{9D54DCC6-CA1A-4AB6-85D1-354099D4D311}.Release|Any CPU.ActiveCfg = Release|Any CPU
		{9D54DCC6-CA1A-4AB6-85D1-354099D4D311}.Release|Any CPU.Build.0 = Release|Any CPU
		{431AED36-FB0C-4939-BEAC-05DAEFC654AF}.Debug|Any CPU.ActiveCfg = Debug|Any CPU
		{431AED36-FB0C-4939-BEAC-05DAEFC654AF}.Debug|Any CPU.Build.0 = Debug|Any CPU
		{431AED36-FB0C-4939-BEAC-05DAEFC654AF}.Release|Any CPU.ActiveCfg = Release|Any CPU
		{431AED36-FB0C-4939-BEAC-05DAEFC654AF}.Release|Any CPU.Build.0 = Release|Any CPU
		{14F93797-5F2A-4EE8-ACAB-048A8B012750}.Debug|Any CPU.ActiveCfg = Debug|Any CPU
		{14F93797-5F2A-4EE8-ACAB-048A8B012750}.Debug|Any CPU.Build.0 = Debug|Any CPU
		{14F93797-5F2A-4EE8-ACAB-048A8B012750}.Release|Any CPU.ActiveCfg = Release|Any CPU
		{14F93797-5F2A-4EE8-ACAB-048A8B012750}.Release|Any CPU.Build.0 = Release|Any CPU
		{7A5813CB-15F5-4847-9D9F-CC1620BBC89D}.Debug|Any CPU.ActiveCfg = Debug|Any CPU
		{7A5813CB-15F5-4847-9D9F-CC1620BBC89D}.Debug|Any CPU.Build.0 = Debug|Any CPU
		{7A5813CB-15F5-4847-9D9F-CC1620BBC89D}.Release|Any CPU.ActiveCfg = Release|Any CPU
		{7A5813CB-15F5-4847-9D9F-CC1620BBC89D}.Release|Any CPU.Build.0 = Release|Any CPU
		{E8ED02EA-9653-47C4-A748-99676F42B17F}.Debug|Any CPU.ActiveCfg = Debug|Any CPU
		{E8ED02EA-9653-47C4-A748-99676F42B17F}.Debug|Any CPU.Build.0 = Debug|Any CPU
		{E8ED02EA-9653-47C4-A748-99676F42B17F}.Release|Any CPU.ActiveCfg = Release|Any CPU
		{E8ED02EA-9653-47C4-A748-99676F42B17F}.Release|Any CPU.Build.0 = Release|Any CPU
		{784F5E3A-822B-4F83-BCBE-19250907BFC7}.Debug|Any CPU.ActiveCfg = Debug|Any CPU
		{784F5E3A-822B-4F83-BCBE-19250907BFC7}.Debug|Any CPU.Build.0 = Debug|Any CPU
		{784F5E3A-822B-4F83-BCBE-19250907BFC7}.Release|Any CPU.ActiveCfg = Release|Any CPU
		{784F5E3A-822B-4F83-BCBE-19250907BFC7}.Release|Any CPU.Build.0 = Release|Any CPU
		{0139C883-9EE0-4E81-9299-4F19D6E4EFE7}.Debug|Any CPU.ActiveCfg = Debug|Any CPU
		{0139C883-9EE0-4E81-9299-4F19D6E4EFE7}.Debug|Any CPU.Build.0 = Debug|Any CPU
		{0139C883-9EE0-4E81-9299-4F19D6E4EFE7}.Release|Any CPU.ActiveCfg = Release|Any CPU
		{0139C883-9EE0-4E81-9299-4F19D6E4EFE7}.Release|Any CPU.Build.0 = Release|Any CPU
		{A6ACD996-19FE-4594-84D4-E87DC2BBCDCF}.Debug|Any CPU.ActiveCfg = Debug|Any CPU
		{A6ACD996-19FE-4594-84D4-E87DC2BBCDCF}.Debug|Any CPU.Build.0 = Debug|Any CPU
		{A6ACD996-19FE-4594-84D4-E87DC2BBCDCF}.Release|Any CPU.ActiveCfg = Release|Any CPU
		{A6ACD996-19FE-4594-84D4-E87DC2BBCDCF}.Release|Any CPU.Build.0 = Release|Any CPU
		{E20D3DCB-ECE6-497B-9540-CD817F82089E}.Debug|Any CPU.ActiveCfg = Debug|Any CPU
		{E20D3DCB-ECE6-497B-9540-CD817F82089E}.Debug|Any CPU.Build.0 = Debug|Any CPU
		{E20D3DCB-ECE6-497B-9540-CD817F82089E}.Release|Any CPU.ActiveCfg = Release|Any CPU
		{E20D3DCB-ECE6-497B-9540-CD817F82089E}.Release|Any CPU.Build.0 = Release|Any CPU
		{5DA85464-9132-4D69-8D75-010CA42012A1}.Debug|Any CPU.ActiveCfg = Debug|Any CPU
		{5DA85464-9132-4D69-8D75-010CA42012A1}.Debug|Any CPU.Build.0 = Debug|Any CPU
		{5DA85464-9132-4D69-8D75-010CA42012A1}.Release|Any CPU.ActiveCfg = Release|Any CPU
		{5DA85464-9132-4D69-8D75-010CA42012A1}.Release|Any CPU.Build.0 = Release|Any CPU
		{09A08132-82AE-46F8-9CC5-9DB9D2F0183A}.Debug|Any CPU.ActiveCfg = Debug|Any CPU
		{09A08132-82AE-46F8-9CC5-9DB9D2F0183A}.Debug|Any CPU.Build.0 = Debug|Any CPU
		{09A08132-82AE-46F8-9CC5-9DB9D2F0183A}.Release|Any CPU.ActiveCfg = Release|Any CPU
		{09A08132-82AE-46F8-9CC5-9DB9D2F0183A}.Release|Any CPU.Build.0 = Release|Any CPU
		{82860BA1-28D2-4F80-A4DB-3D89B32A5184}.Debug|Any CPU.ActiveCfg = Debug|Any CPU
		{82860BA1-28D2-4F80-A4DB-3D89B32A5184}.Debug|Any CPU.Build.0 = Debug|Any CPU
		{82860BA1-28D2-4F80-A4DB-3D89B32A5184}.Release|Any CPU.ActiveCfg = Release|Any CPU
		{82860BA1-28D2-4F80-A4DB-3D89B32A5184}.Release|Any CPU.Build.0 = Release|Any CPU
		{E95B0BA8-6767-4620-9ECB-FE525208A5B3}.Debug|Any CPU.ActiveCfg = Debug|Any CPU
		{E95B0BA8-6767-4620-9ECB-FE525208A5B3}.Debug|Any CPU.Build.0 = Debug|Any CPU
		{E95B0BA8-6767-4620-9ECB-FE525208A5B3}.Release|Any CPU.ActiveCfg = Release|Any CPU
		{E95B0BA8-6767-4620-9ECB-FE525208A5B3}.Release|Any CPU.Build.0 = Release|Any CPU
		{737F05EA-78F7-4C9B-95F0-6EF9E0717639}.Debug|Any CPU.ActiveCfg = Debug|Any CPU
		{737F05EA-78F7-4C9B-95F0-6EF9E0717639}.Debug|Any CPU.Build.0 = Debug|Any CPU
		{737F05EA-78F7-4C9B-95F0-6EF9E0717639}.Release|Any CPU.ActiveCfg = Release|Any CPU
		{737F05EA-78F7-4C9B-95F0-6EF9E0717639}.Release|Any CPU.Build.0 = Release|Any CPU
		{9EB75BD9-F376-4F5C-B90B-3F1D98E0B059}.Debug|Any CPU.ActiveCfg = Debug|Any CPU
		{9EB75BD9-F376-4F5C-B90B-3F1D98E0B059}.Debug|Any CPU.Build.0 = Debug|Any CPU
		{9EB75BD9-F376-4F5C-B90B-3F1D98E0B059}.Release|Any CPU.ActiveCfg = Release|Any CPU
		{9EB75BD9-F376-4F5C-B90B-3F1D98E0B059}.Release|Any CPU.Build.0 = Release|Any CPU
		{64B5E2C6-E82E-4B20-B208-F33804A64117}.Debug|Any CPU.ActiveCfg = Debug|Any CPU
		{64B5E2C6-E82E-4B20-B208-F33804A64117}.Debug|Any CPU.Build.0 = Debug|Any CPU
		{64B5E2C6-E82E-4B20-B208-F33804A64117}.Release|Any CPU.ActiveCfg = Release|Any CPU
		{64B5E2C6-E82E-4B20-B208-F33804A64117}.Release|Any CPU.Build.0 = Release|Any CPU
		{465E2544-276C-4D03-B62C-C512EAFF7000}.Debug|Any CPU.ActiveCfg = Debug|Any CPU
		{465E2544-276C-4D03-B62C-C512EAFF7000}.Debug|Any CPU.Build.0 = Debug|Any CPU
		{465E2544-276C-4D03-B62C-C512EAFF7000}.Release|Any CPU.ActiveCfg = Release|Any CPU
		{465E2544-276C-4D03-B62C-C512EAFF7000}.Release|Any CPU.Build.0 = Release|Any CPU
		{85ED0205-5C67-4433-82B2-F85D24A14CD6}.Debug|Any CPU.ActiveCfg = Debug|Any CPU
		{85ED0205-5C67-4433-82B2-F85D24A14CD6}.Debug|Any CPU.Build.0 = Debug|Any CPU
		{85ED0205-5C67-4433-82B2-F85D24A14CD6}.Release|Any CPU.ActiveCfg = Release|Any CPU
		{85ED0205-5C67-4433-82B2-F85D24A14CD6}.Release|Any CPU.Build.0 = Release|Any CPU
		{13CA0B17-2C0A-495F-97BA-2424EC15B55E}.Debug|Any CPU.ActiveCfg = Debug|Any CPU
		{13CA0B17-2C0A-495F-97BA-2424EC15B55E}.Debug|Any CPU.Build.0 = Debug|Any CPU
		{13CA0B17-2C0A-495F-97BA-2424EC15B55E}.Release|Any CPU.ActiveCfg = Release|Any CPU
		{13CA0B17-2C0A-495F-97BA-2424EC15B55E}.Release|Any CPU.Build.0 = Release|Any CPU
		{A26E279B-00FB-4D52-9228-4C6D72A75154}.Debug|Any CPU.ActiveCfg = Debug|Any CPU
		{A26E279B-00FB-4D52-9228-4C6D72A75154}.Debug|Any CPU.Build.0 = Debug|Any CPU
		{A26E279B-00FB-4D52-9228-4C6D72A75154}.Release|Any CPU.ActiveCfg = Release|Any CPU
		{A26E279B-00FB-4D52-9228-4C6D72A75154}.Release|Any CPU.Build.0 = Release|Any CPU
		{BEB4BAEE-9CAE-4921-8EAE-7C1DA4C9B9F5}.Debug|Any CPU.ActiveCfg = Debug|Any CPU
		{BEB4BAEE-9CAE-4921-8EAE-7C1DA4C9B9F5}.Debug|Any CPU.Build.0 = Debug|Any CPU
		{BEB4BAEE-9CAE-4921-8EAE-7C1DA4C9B9F5}.Release|Any CPU.ActiveCfg = Release|Any CPU
		{BEB4BAEE-9CAE-4921-8EAE-7C1DA4C9B9F5}.Release|Any CPU.Build.0 = Release|Any CPU
		{359E9917-BC90-4650-9B55-E7A6F8A9073D}.Debug|Any CPU.ActiveCfg = Debug|Any CPU
		{359E9917-BC90-4650-9B55-E7A6F8A9073D}.Debug|Any CPU.Build.0 = Debug|Any CPU
		{359E9917-BC90-4650-9B55-E7A6F8A9073D}.Release|Any CPU.ActiveCfg = Release|Any CPU
		{359E9917-BC90-4650-9B55-E7A6F8A9073D}.Release|Any CPU.Build.0 = Release|Any CPU
		{FDEC5340-9729-44AF-A4C2-58E2BE8D739C}.Debug|Any CPU.ActiveCfg = Debug|Any CPU
		{FDEC5340-9729-44AF-A4C2-58E2BE8D739C}.Debug|Any CPU.Build.0 = Debug|Any CPU
		{FDEC5340-9729-44AF-A4C2-58E2BE8D739C}.Release|Any CPU.ActiveCfg = Release|Any CPU
		{FDEC5340-9729-44AF-A4C2-58E2BE8D739C}.Release|Any CPU.Build.0 = Release|Any CPU
		{4C84B63B-C706-4AF8-A2BD-9D2565A7F606}.Debug|Any CPU.ActiveCfg = Debug|Any CPU
		{4C84B63B-C706-4AF8-A2BD-9D2565A7F606}.Debug|Any CPU.Build.0 = Debug|Any CPU
		{4C84B63B-C706-4AF8-A2BD-9D2565A7F606}.Release|Any CPU.ActiveCfg = Release|Any CPU
		{4C84B63B-C706-4AF8-A2BD-9D2565A7F606}.Release|Any CPU.Build.0 = Release|Any CPU
		{2FACFEC2-D264-46D1-9509-17F548BED661}.Debug|Any CPU.ActiveCfg = Debug|Any CPU
		{2FACFEC2-D264-46D1-9509-17F548BED661}.Debug|Any CPU.Build.0 = Debug|Any CPU
		{2FACFEC2-D264-46D1-9509-17F548BED661}.Release|Any CPU.ActiveCfg = Release|Any CPU
		{2FACFEC2-D264-46D1-9509-17F548BED661}.Release|Any CPU.Build.0 = Release|Any CPU
		{EA5E1CAF-9B4D-4113-8FA2-1AE563D7E3CB}.Debug|Any CPU.ActiveCfg = Debug|Any CPU
		{EA5E1CAF-9B4D-4113-8FA2-1AE563D7E3CB}.Debug|Any CPU.Build.0 = Debug|Any CPU
		{EA5E1CAF-9B4D-4113-8FA2-1AE563D7E3CB}.Release|Any CPU.ActiveCfg = Release|Any CPU
		{EA5E1CAF-9B4D-4113-8FA2-1AE563D7E3CB}.Release|Any CPU.Build.0 = Release|Any CPU
		{A6F6D2DE-9AD9-4D6E-B5D7-474614574CDA}.Debug|Any CPU.ActiveCfg = Debug|Any CPU
		{A6F6D2DE-9AD9-4D6E-B5D7-474614574CDA}.Debug|Any CPU.Build.0 = Debug|Any CPU
		{A6F6D2DE-9AD9-4D6E-B5D7-474614574CDA}.Release|Any CPU.ActiveCfg = Release|Any CPU
		{A6F6D2DE-9AD9-4D6E-B5D7-474614574CDA}.Release|Any CPU.Build.0 = Release|Any CPU
		{0AD6E6EA-21C6-41CE-B43C-B441F89F1CDC}.Debug|Any CPU.ActiveCfg = Debug|Any CPU
		{0AD6E6EA-21C6-41CE-B43C-B441F89F1CDC}.Debug|Any CPU.Build.0 = Debug|Any CPU
		{0AD6E6EA-21C6-41CE-B43C-B441F89F1CDC}.Release|Any CPU.ActiveCfg = Release|Any CPU
		{0AD6E6EA-21C6-41CE-B43C-B441F89F1CDC}.Release|Any CPU.Build.0 = Release|Any CPU
		{1EEAED7E-65C4-47D4-A23D-056AC4E0C38A}.Debug|Any CPU.ActiveCfg = Debug|Any CPU
		{1EEAED7E-65C4-47D4-A23D-056AC4E0C38A}.Debug|Any CPU.Build.0 = Debug|Any CPU
		{1EEAED7E-65C4-47D4-A23D-056AC4E0C38A}.Release|Any CPU.ActiveCfg = Release|Any CPU
		{1EEAED7E-65C4-47D4-A23D-056AC4E0C38A}.Release|Any CPU.Build.0 = Release|Any CPU
	EndGlobalSection
	GlobalSection(SolutionProperties) = preSolution
		HideSolutionNode = FALSE
	EndGlobalSection
	GlobalSection(ExtensibilityGlobals) = postSolution
		SolutionGuid = {AB14F3F1-4931-4175-BEEA-3754424642E2}
	EndGlobalSection
EndGlobal
